
Microsoft Visual Studio Solution File, Format Version 12.00
# Visual Studio Version 16
VisualStudioVersion = 16.0.30011.22
MinimumVisualStudioVersion = 10.0.40219.1
Project("{FAE04EC0-301F-11D3-BF4B-00C04F79EFBC}") = "store-purchases-service", "store-purchases-service\store-purchases-service.csproj", "{4573D32F-11CB-4C83-9D11-049B57A277A1}"
EndProject
Global
	GlobalSection(SolutionConfigurationPlatforms) = preSolution
		Debug|Any CPU = Debug|Any CPU
		Release|Any CPU = Release|Any CPU
	EndGlobalSection
	GlobalSection(ProjectConfigurationPlatforms) = postSolution
		{4573D32F-11CB-4C83-9D11-049B57A277A1}.Debug|Any CPU.ActiveCfg = Debug|Any CPU
		{4573D32F-11CB-4C83-9D11-049B57A277A1}.Debug|Any CPU.Build.0 = Debug|Any CPU
		{4573D32F-11CB-4C83-9D11-049B57A277A1}.Release|Any CPU.ActiveCfg = Release|Any CPU
		{4573D32F-11CB-4C83-9D11-049B57A277A1}.Release|Any CPU.Build.0 = Release|Any CPU
	EndGlobalSection
	GlobalSection(SolutionProperties) = preSolution
		HideSolutionNode = FALSE
	EndGlobalSection
	GlobalSection(ExtensibilityGlobals) = postSolution
		SolutionGuid = {246BD6E0-D0B9-4923-BBF4-3F7136AA7A9C}
	EndGlobalSection
EndGlobal
